
Microsoft Visual Studio Solution File, Format Version 12.00
# Visual Studio Version 17
VisualStudioVersion = 17.7.34009.444
MinimumVisualStudioVersion = 10.0.40219.1
Project("{FAE04EC0-301F-11D3-BF4B-00C04F79EFBC}") = "UsuarioApi", "UsuarioApi\UsuarioApi.csproj", "{6EBB2F76-30C8-4DBF-A8CF-2844604C43B2}"
EndProject
Global
	GlobalSection(SolutionConfigurationPlatforms) = preSolution
		Debug|Any CPU = Debug|Any CPU
		Release|Any CPU = Release|Any CPU
	EndGlobalSection
	GlobalSection(ProjectConfigurationPlatforms) = postSolution
		{6EBB2F76-30C8-4DBF-A8CF-2844604C43B2}.Debug|Any CPU.ActiveCfg = Debug|Any CPU
		{6EBB2F76-30C8-4DBF-A8CF-2844604C43B2}.Debug|Any CPU.Build.0 = Debug|Any CPU
		{6EBB2F76-30C8-4DBF-A8CF-2844604C43B2}.Release|Any CPU.ActiveCfg = Release|Any CPU
		{6EBB2F76-30C8-4DBF-A8CF-2844604C43B2}.Release|Any CPU.Build.0 = Release|Any CPU
	EndGlobalSection
	GlobalSection(SolutionProperties) = preSolution
		HideSolutionNode = FALSE
	EndGlobalSection
	GlobalSection(ExtensibilityGlobals) = postSolution
		SolutionGuid = {7759BFF7-5FF9-410C-8FD1-16F1FF5F3705}
	EndGlobalSection
EndGlobal
